// !$*UTF8*$!
{
	archiveVersion = 1;
	classes = {
	};
	objectVersion = 46;
	objects = {

/* Begin PBXBuildFile section */
		C08D16471B0FB7BE0018AD57 /* AppDelegate.swift in Sources */ = {isa = PBXBuildFile; fileRef = C08D16461B0FB7BE0018AD57 /* AppDelegate.swift */; };
		C08D16491B0FB7BE0018AD57 /* ViewController.swift in Sources */ = {isa = PBXBuildFile; fileRef = C08D16481B0FB7BE0018AD57 /* ViewController.swift */; };
		C08D164B1B0FB7BE0018AD57 /* Images.xcassets in Resources */ = {isa = PBXBuildFile; fileRef = C08D164A1B0FB7BE0018AD57 /* Images.xcassets */; };
		C08D164E1B0FB7BF0018AD57 /* Main.storyboard in Resources */ = {isa = PBXBuildFile; fileRef = C08D164C1B0FB7BF0018AD57 /* Main.storyboard */; };
		C08D165A1B0FB7BF0018AD57 /* JCPtestTests.swift in Sources */ = {isa = PBXBuildFile; fileRef = C08D16591B0FB7BF0018AD57 /* JCPtestTests.swift */; };
/* End PBXBuildFile section */

/* Begin PBXContainerItemProxy section */
		C08D16541B0FB7BF0018AD57 /* PBXContainerItemProxy */ = {
			isa = PBXContainerItemProxy;
			containerPortal = C08D16391B0FB7BE0018AD57 /* Project object */;
			proxyType = 1;
			remoteGlobalIDString = C08D16401B0FB7BE0018AD57;
			remoteInfo = JCPtest;
		};
/* End PBXContainerItemProxy section */

/* Begin PBXFileReference section */
		C08D16411B0FB7BE0018AD57 /* JCPtest.app */ = {isa = PBXFileReference; explicitFileType = wrapper.application; includeInIndex = 0; path = JCPtest.app; sourceTree = BUILT_PRODUCTS_DIR; };
		C08D16451B0FB7BE0018AD57 /* Info.plist */ = {isa = PBXFileReference; lastKnownFileType = text.plist.xml; path = Info.plist; sourceTree = "<group>"; };
		C08D16461B0FB7BE0018AD57 /* AppDelegate.swift */ = {isa = PBXFileReference; lastKnownFileType = sourcecode.swift; path = AppDelegate.swift; sourceTree = "<group>"; };
		C08D16481B0FB7BE0018AD57 /* ViewController.swift */ = {isa = PBXFileReference; lastKnownFileType = sourcecode.swift; path = ViewController.swift; sourceTree = "<group>"; };
		C08D164A1B0FB7BE0018AD57 /* Images.xcassets */ = {isa = PBXFileReference; lastKnownFileType = folder.assetcatalog; path = Images.xcassets; sourceTree = "<group>"; };
		C08D164D1B0FB7BF0018AD57 /* Base */ = {isa = PBXFileReference; lastKnownFileType = file.storyboard; name = Base; path = Base.lproj/Main.storyboard; sourceTree = "<group>"; };
		C08D16531B0FB7BF0018AD57 /* JCPtestTests.xctest */ = {isa = PBXFileReference; explicitFileType = wrapper.cfbundle; includeInIndex = 0; path = JCPtestTests.xctest; sourceTree = BUILT_PRODUCTS_DIR; };
		C08D16581B0FB7BF0018AD57 /* Info.plist */ = {isa = PBXFileReference; lastKnownFileType = text.plist.xml; path = Info.plist; sourceTree = "<group>"; };
		C08D16591B0FB7BF0018AD57 /* JCPtestTests.swift */ = {isa = PBXFileReference; lastKnownFileType = sourcecode.swift; path = JCPtestTests.swift; sourceTree = "<group>"; };
/* End PBXFileReference section */

/* Begin PBXFrameworksBuildPhase section */
		C08D163E1B0FB7BE0018AD57 /* Frameworks */ = {
			isa = PBXFrameworksBuildPhase;
			buildActionMask = 2147483647;
			files = (
			);
			runOnlyForDeploymentPostprocessing = 0;
		};
		C08D16501B0FB7BF0018AD57 /* Frameworks */ = {
			isa = PBXFrameworksBuildPhase;
			buildActionMask = 2147483647;
			files = (
			);
			runOnlyForDeploymentPostprocessing = 0;
		};
/* End PBXFrameworksBuildPhase section */

/* Begin PBXGroup section */
		C08D16381B0FB7BE0018AD57 = {
			isa = PBXGroup;
			children = (
				C08D16431B0FB7BE0018AD57 /* JCPtest */,
				C08D16561B0FB7BF0018AD57 /* JCPtestTests */,
				C08D16421B0FB7BE0018AD57 /* Products */,
			);
			sourceTree = "<group>";
		};
		C08D16421B0FB7BE0018AD57 /* Products */ = {
			isa = PBXGroup;
			children = (
				C08D16411B0FB7BE0018AD57 /* JCPtest.app */,
				C08D16531B0FB7BF0018AD57 /* JCPtestTests.xctest */,
			);
			name = Products;
			sourceTree = "<group>";
		};
		C08D16431B0FB7BE0018AD57 /* JCPtest */ = {
			isa = PBXGroup;
			children = (
				C08D16461B0FB7BE0018AD57 /* AppDelegate.swift */,
				C08D16481B0FB7BE0018AD57 /* ViewController.swift */,
				C08D164A1B0FB7BE0018AD57 /* Images.xcassets */,
				C08D164C1B0FB7BF0018AD57 /* Main.storyboard */,
				C08D16441B0FB7BE0018AD57 /* Supporting Files */,
			);
			path = JCPtest;
			sourceTree = "<group>";
		};
		C08D16441B0FB7BE0018AD57 /* Supporting Files */ = {
			isa = PBXGroup;
			children = (
				C08D16451B0FB7BE0018AD57 /* Info.plist */,
			);
			name = "Supporting Files";
			sourceTree = "<group>";
		};
		C08D16561B0FB7BF0018AD57 /* JCPtestTests */ = {
			isa = PBXGroup;
			children = (
				C08D16591B0FB7BF0018AD57 /* JCPtestTests.swift */,
				C08D16571B0FB7BF0018AD57 /* Supporting Files */,
			);
			path = JCPtestTests;
			sourceTree = "<group>";
		};
		C08D16571B0FB7BF0018AD57 /* Supporting Files */ = {
			isa = PBXGroup;
			children = (
				C08D16581B0FB7BF0018AD57 /* Info.plist */,
			);
			name = "Supporting Files";
			sourceTree = "<group>";
		};
/* End PBXGroup section */

/* Begin PBXNativeTarget section */
		C08D16401B0FB7BE0018AD57 /* JCPtest */ = {
			isa = PBXNativeTarget;
			buildConfigurationList = C08D165D1B0FB7BF0018AD57 /* Build configuration list for PBXNativeTarget "JCPtest" */;
			buildPhases = (
				C08D163D1B0FB7BE0018AD57 /* Sources */,
				C08D163E1B0FB7BE0018AD57 /* Frameworks */,
				C08D163F1B0FB7BE0018AD57 /* Resources */,
			);
			buildRules = (
			);
			dependencies = (
			);
			name = JCPtest;
			productName = JCPtest;
			productReference = C08D16411B0FB7BE0018AD57 /* JCPtest.app */;
			productType = "com.apple.product-type.application";
		};
		C08D16521B0FB7BF0018AD57 /* JCPtestTests */ = {
			isa = PBXNativeTarget;
			buildConfigurationList = C08D16601B0FB7BF0018AD57 /* Build configuration list for PBXNativeTarget "JCPtestTests" */;
			buildPhases = (
				C08D164F1B0FB7BF0018AD57 /* Sources */,
				C08D16501B0FB7BF0018AD57 /* Frameworks */,
				C08D16511B0FB7BF0018AD57 /* Resources */,
			);
			buildRules = (
			);
			dependencies = (
				C08D16551B0FB7BF0018AD57 /* PBXTargetDependency */,
			);
			name = JCPtestTests;
			productName = JCPtestTests;
			productReference = C08D16531B0FB7BF0018AD57 /* JCPtestTests.xctest */;
			productType = "com.apple.product-type.bundle.unit-test";
		};
/* End PBXNativeTarget section */

/* Begin PBXProject section */
		C08D16391B0FB7BE0018AD57 /* Project object */ = {
			isa = PBXProject;
			attributes = {
				LastUpgradeCheck = 0630;
				ORGANIZATIONNAME = "karan tabrizi";
				TargetAttributes = {
					C08D16401B0FB7BE0018AD57 = {
						CreatedOnToolsVersion = 6.3.1;
					};
					C08D16521B0FB7BF0018AD57 = {
						CreatedOnToolsVersion = 6.3.1;
						TestTargetID = C08D16401B0FB7BE0018AD57;
					};
				};
			};
			buildConfigurationList = C08D163C1B0FB7BE0018AD57 /* Build configuration list for PBXProject "JCPtest" */;
			compatibilityVersion = "Xcode 3.2";
			developmentRegion = English;
			hasScannedForEncodings = 0;
			knownRegions = (
				en,
				Base,
			);
			mainGroup = C08D16381B0FB7BE0018AD57;
			productRefGroup = C08D16421B0FB7BE0018AD57 /* Products */;
			projectDirPath = "";
			projectRoot = "";
			targets = (
				C08D16401B0FB7BE0018AD57 /* JCPtest */,
				C08D16521B0FB7BF0018AD57 /* JCPtestTests */,
			);
		};
/* End PBXProject section */

/* Begin PBXResourcesBuildPhase section */
		C08D163F1B0FB7BE0018AD57 /* Resources */ = {
			isa = PBXResourcesBuildPhase;
			buildActionMask = 2147483647;
			files = (
				C08D164B1B0FB7BE0018AD57 /* Images.xcassets in Resources */,
				C08D164E1B0FB7BF0018AD57 /* Main.storyboard in Resources */,
			);
			runOnlyForDeploymentPostprocessing = 0;
		};
		C08D16511B0FB7BF0018AD57 /* Resources */ = {
			isa = PBXResourcesBuildPhase;
			buildActionMask = 2147483647;
			files = (
			);
			runOnlyForDeploymentPostprocessing = 0;
		};
/* End PBXResourcesBuildPhase section */

/* Begin PBXSourcesBuildPhase section */
		C08D163D1B0FB7BE0018AD57 /* Sources */ = {
			isa = PBXSourcesBuildPhase;
			buildActionMask = 2147483647;
			files = (
				C08D16491B0FB7BE0018AD57 /* ViewController.swift in Sources */,
				C08D16471B0FB7BE0018AD57 /* AppDelegate.swift in Sources */,
			);
			runOnlyForDeploymentPostprocessing = 0;
		};
		C08D164F1B0FB7BF0018AD57 /* Sources */ = {
			isa = PBXSourcesBuildPhase;
			buildActionMask = 2147483647;
			files = (
				C08D165A1B0FB7BF0018AD57 /* JCPtestTests.swift in Sources */,
			);
			runOnlyForDeploymentPostprocessing = 0;
		};
/* End PBXSourcesBuildPhase section */

/* Begin PBXTargetDependency section */
		C08D16551B0FB7BF0018AD57 /* PBXTargetDependency */ = {
			isa = PBXTargetDependency;
			target = C08D16401B0FB7BE0018AD57 /* JCPtest */;
			targetProxy = C08D16541B0FB7BF0018AD57 /* PBXContainerItemProxy */;
		};
/* End PBXTargetDependency section */

/* Begin PBXVariantGroup section */
		C08D164C1B0FB7BF0018AD57 /* Main.storyboard */ = {
			isa = PBXVariantGroup;
			children = (
				C08D164D1B0FB7BF0018AD57 /* Base */,
			);
			name = Main.storyboard;
			sourceTree = "<group>";
		};
/* End PBXVariantGroup section */

/* Begin XCBuildConfiguration section */
		C08D165B1B0FB7BF0018AD57 /* Debug */ = {
			isa = XCBuildConfiguration;
			buildSettings = {
				ALWAYS_SEARCH_USER_PATHS = NO;
				CLANG_CXX_LANGUAGE_STANDARD = "gnu++0x";
				CLANG_CXX_LIBRARY = "libc++";
				CLANG_ENABLE_MODULES = YES;
				CLANG_ENABLE_OBJC_ARC = YES;
				CLANG_WARN_BOOL_CONVERSION = YES;
				CLANG_WARN_CONSTANT_CONVERSION = YES;
				CLANG_WARN_DIRECT_OBJC_ISA_USAGE = YES_ERROR;
				CLANG_WARN_EMPTY_BODY = YES;
				CLANG_WARN_ENUM_CONVERSION = YES;
				CLANG_WARN_INT_CONVERSION = YES;
				CLANG_WARN_OBJC_ROOT_CLASS = YES_ERROR;
				CLANG_WARN_UNREACHABLE_CODE = YES;
				CLANG_WARN__DUPLICATE_METHOD_MATCH = YES;
				CODE_SIGN_IDENTITY = "-";
				COPY_PHASE_STRIP = NO;
				DEBUG_INFORMATION_FORMAT = dwarf;
				ENABLE_STRICT_OBJC_MSGSEND = YES;
				GCC_C_LANGUAGE_STANDARD = gnu99;
				GCC_DYNAMIC_NO_PIC = NO;
				GCC_NO_COMMON_BLOCKS = YES;
				GCC_OPTIMIZATION_LEVEL = 0;
				GCC_PREPROCESSOR_DEFINITIONS = (
					"DEBUG=1",
					"$(inherited)",
				);
				GCC_SYMBOLS_PRIVATE_EXTERN = NO;
				GCC_WARN_64_TO_32_BIT_CONVERSION = YES;
				GCC_WARN_ABOUT_RETURN_TYPE = YES_ERROR;
				GCC_WARN_UNDECLARED_SELECTOR = YES;
				GCC_WARN_UNINITIALIZED_AUTOS = YES_AGGRESSIVE;
				GCC_WARN_UNUSED_FUNCTION = YES;
				GCC_WARN_UNUSED_VARIABLE = YES;
				MACOSX_DEPLOYMENT_TARGET = 10.10;
				MTL_ENABLE_DEBUG_INFO = YES;
				ONLY_ACTIVE_ARCH = YES;
				SDKROOT = macosx;
				SWIFT_OPTIMIZATION_LEVEL = "-Onone";
			};
			name = Debug;
		};
		C08D165C1B0FB7BF0018AD57 /* Release */ = {
			isa = XCBuildConfiguration;
			buildSettings = {
				ALWAYS_SEARCH_USER_PATHS = NO;
				CLANG_CXX_LANGUAGE_STANDARD = "gnu++0x";
				CLANG_CXX_LIBRARY = "libc++";
				CLANG_ENABLE_MODULES = YES;
				CLANG_ENABLE_OBJC_ARC = YES;
				CLANG_WARN_BOOL_CONVERSION = YES;
				CLANG_WARN_CONSTANT_CONVERSION = YES;
				CLANG_WARN_DIRECT_OBJC_ISA_USAGE = YES_ERROR;
				CLANG_WARN_EMPTY_BODY = YES;
				CLANG_WARN_ENUM_CONVERSION = YES;
				CLANG_WARN_INT_CONVERSION = YES;
				CLANG_WARN_OBJC_ROOT_CLASS = YES_ERROR;
				CLANG_WARN_UNREACHABLE_CODE = YES;
				CLANG_WARN__DUPLICATE_METHOD_MATCH = YES;
				CODE_SIGN_IDENTITY = "-";
				COPY_PHASE_STRIP = NO;
				DEBUG_INFORMATION_FORMAT = "dwarf-with-dsym";
				ENABLE_NS_ASSERTIONS = NO;
				ENABLE_STRICT_OBJC_MSGSEND = YES;
				GCC_C_LANGUAGE_STANDARD = gnu99;
				GCC_NO_COMMON_BLOCKS = YES;
				GCC_WARN_64_TO_32_BIT_CONVERSION = YES;
				GCC_WARN_ABOUT_RETURN_TYPE = YES_ERROR;
				GCC_WARN_UNDECLARED_SELECTOR = YES;
				GCC_WARN_UNINITIALIZED_AUTOS = YES_AGGRESSIVE;
				GCC_WARN_UNUSED_FUNCTION = YES;
				GCC_WARN_UNUSED_VARIABLE = YES;
				MACOSX_DEPLOYMENT_TARGET = 10.10;
				MTL_ENABLE_DEBUG_INFO = NO;
				SDKROOT = macosx;
			};
			name = Release;
		};
		C08D165E1B0FB7BF0018AD57 /* Debug */ = {
			isa = XCBuildConfiguration;
			buildSettings = {
				ASSETCATALOG_COMPILER_APPICON_NAME = AppIcon;
				COMBINE_HIDPI_IMAGES = YES;
				INFOPLIST_FILE = JCPtest/Info.plist;
				LD_RUNPATH_SEARCH_PATHS = "$(inherited) @executable_path/../Frameworks";
				PRODUCT_NAME = "$(TARGET_NAME)";
			};
			name = Debug;
		};
		C08D165F1B0FB7BF0018AD57 /* Release */ = {
			isa = XCBuildConfiguration;
			buildSettings = {
				ASSETCATALOG_COMPILER_APPICON_NAME = AppIcon;
				COMBINE_HIDPI_IMAGES = YES;
				INFOPLIST_FILE = JCPtest/Info.plist;
				LD_RUNPATH_SEARCH_PATHS = "$(inherited) @executable_path/../Frameworks";
				PRODUCT_NAME = "$(TARGET_NAME)";
			};
			name = Release;
		};
		C08D16611B0FB7BF0018AD57 /* Debug */ = {
			isa = XCBuildConfiguration;
			buildSettings = {
				BUNDLE_LOADER = "$(TEST_HOST)";
				COMBINE_HIDPI_IMAGES = YES;
				FRAMEWORK_SEARCH_PATHS = (
					"$(DEVELOPER_FRAMEWORKS_DIR)",
					"$(inherited)",
				);
				GCC_PREPROCESSOR_DEFINITIONS = (
					"DEBUG=1",
					"$(inherited)",
				);
				INFOPLIST_FILE = JCPtestTests/Info.plist;
				LD_RUNPATH_SEARCH_PATHS = "$(inherited) @executable_path/../Frameworks @loader_path/../Frameworks";
				PRODUCT_NAME = "$(TARGET_NAME)";
				TEST_HOST = "$(BUILT_PRODUCTS_DIR)/JCPtest.app/Contents/MacOS/JCPtest";
			};
			name = Debug;
		};
		C08D16621B0FB7BF0018AD57 /* Release */ = {
			isa = XCBuildConfiguration;
			buildSettings = {
				BUNDLE_LOADER = "$(TEST_HOST)";
				COMBINE_HIDPI_IMAGES = YES;
				FRAMEWORK_SEARCH_PATHS = (
					"$(DEVELOPER_FRAMEWORKS_DIR)",
					"$(inherited)",
				);
				INFOPLIST_FILE = JCPtestTests/Info.plist;
				LD_RUNPATH_SEARCH_PATHS = "$(inherited) @executable_path/../Frameworks @loader_path/../Frameworks";
				PRODUCT_NAME = "$(TARGET_NAME)";
				TEST_HOST = "$(BUILT_PRODUCTS_DIR)/JCPtest.app/Contents/MacOS/JCPtest";
			};
			name = Release;
		};
/* End XCBuildConfiguration section */

/* Begin XCConfigurationList section */
		C08D163C1B0FB7BE0018AD57 /* Build configuration list for PBXProject "JCPtest" */ = {
			isa = XCConfigurationList;
			buildConfigurations = (
				C08D165B1B0FB7BF0018AD57 /* Debug */,
				C08D165C1B0FB7BF0018AD57 /* Release */,
			);
			defaultConfigurationIsVisible = 0;
			defaultConfigurationName = Release;
		};
		C08D165D1B0FB7BF0018AD57 /* Build configuration list for PBXNativeTarget "JCPtest" */ = {
			isa = XCConfigurationList;
			buildConfigurations = (
				C08D165E1B0FB7BF0018AD57 /* Debug */,
				C08D165F1B0FB7BF0018AD57 /* Release */,
			);
			defaultConfigurationIsVisible = 0;
		};
		C08D16601B0FB7BF0018AD57 /* Build configuration list for PBXNativeTarget "JCPtestTests" */ = {
			isa = XCConfigurationList;
			buildConfigurations = (
				C08D16611B0FB7BF0018AD57 /* Debug */,
				C08D16621B0FB7BF0018AD57 /* Release */,
			);
			defaultConfigurationIsVisible = 0;
		};
/* End XCConfigurationList section */
	};
	rootObject = C08D16391B0FB7BE0018AD57 /* Project object */;
}
